{
  "name": "video-select-cli",
  "version": "0.1.0",
  "lockfileVersion": 1,
  "requires": true,
  "dependencies": {
    "bluebird": {
      "version": "3.5.5",
      "resolved": "https://registry.npmjs.org/bluebird/-/bluebird-3.5.5.tgz",
      "integrity": "sha512-5am6HnnfN+urzt4yfg7IgTbotDjIT/u8AJpEt0sIU9FtXfVeezXAPKswrG+xKUCOYAINpSdgZVDU6QFh+cuH3w=="
    },
    "commander": {
      "version": "3.0.1",
      "resolved": "https://registry.npmjs.org/commander/-/commander-3.0.1.tgz",
      "integrity": "sha512-UNgvDd+csKdc9GD4zjtkHKQbT8Aspt2jCBqNSPp53vAS0L1tS9sXB2TCEOPHJ7kt9bN/niWkYj8T3RQSoMXdSQ=="
    },
    "denon-client": {
      "version": "git://github.com/jzucker2/node-denon-client.git#7e6e136cd2e12046b76197675f2c75cd97b6c58a",
      "from": "git://github.com/jzucker2/node-denon-client.git#frankenstein",
      "requires": {
        "bluebird": "^3.3.4",
        "lodash": "^4.9.0"
      }
    },
    "lodash": {
      "version": "4.17.15",
      "resolved": "https://registry.npmjs.org/lodash/-/lodash-4.17.15.tgz",
      "integrity": "sha512-8xOcRHvCjnocdS5cpwXQXVzmmh5e5+saE2QGoeQmbKmRS6J3VQppPOIt0MnmE+4xlZoumy0GPG0D0MVIQbNA1A=="
    }
  }
}
